
Microsoft Visual Studio Solution File, Format Version 12.00
# Visual Studio Version 17
VisualStudioVersion = 17.13.35825.156 d17.13
MinimumVisualStudioVersion = 10.0.40219.1
Project("{FAE04EC0-301F-11D3-BF4B-00C04F79EFBC}") = "Projeto_P.I", "Projeto_P.I\Projeto_P.I.csproj", "{2B73C428-68AC-4DE7-8082-A8D0A0663613}"
EndProject
Global
	GlobalSection(SolutionConfigurationPlatforms) = preSolution
		Debug|Any CPU = Debug|Any CPU
		Release|Any CPU = Release|Any CPU
	EndGlobalSection
	GlobalSection(ProjectConfigurationPlatforms) = postSolution
		{2B73C428-68AC-4DE7-8082-A8D0A0663613}.Debug|Any CPU.ActiveCfg = Debug|Any CPU
		{2B73C428-68AC-4DE7-8082-A8D0A0663613}.Debug|Any CPU.Build.0 = Debug|Any CPU
		{2B73C428-68AC-4DE7-8082-A8D0A0663613}.Release|Any CPU.ActiveCfg = Release|Any CPU
		{2B73C428-68AC-4DE7-8082-A8D0A0663613}.Release|Any CPU.Build.0 = Release|Any CPU
	EndGlobalSection
	GlobalSection(SolutionProperties) = preSolution
		HideSolutionNode = FALSE
	EndGlobalSection
	GlobalSection(ExtensibilityGlobals) = postSolution
		SolutionGuid = {7F553983-DE18-4758-B777-9B041554278C}
	EndGlobalSection
EndGlobal
